
Microsoft Visual Studio Solution File, Format Version 12.00
# Visual Studio 2012
Project("{FAE04EC0-301F-11D3-BF4B-00C04F79EFBC}") = "TreeView", "TreeView\TreeView.csproj", "{523F5F8A-D48A-4D5C-B3F8-B6D2A856503F}"
EndProject
Global
	GlobalSection(SolutionConfigurationPlatforms) = preSolution
		Debug|Any CPU = Debug|Any CPU
		Release|Any CPU = Release|Any CPU
	EndGlobalSection
	GlobalSection(ProjectConfigurationPlatforms) = postSolution
		{523F5F8A-D48A-4D5C-B3F8-B6D2A856503F}.Debug|Any CPU.ActiveCfg = Debug|Any CPU
		{523F5F8A-D48A-4D5C-B3F8-B6D2A856503F}.Debug|Any CPU.Build.0 = Debug|Any CPU
		{523F5F8A-D48A-4D5C-B3F8-B6D2A856503F}.Release|Any CPU.ActiveCfg = Release|Any CPU
		{523F5F8A-D48A-4D5C-B3F8-B6D2A856503F}.Release|Any CPU.Build.0 = Release|Any CPU
	EndGlobalSection
	GlobalSection(SolutionProperties) = preSolution
		HideSolutionNode = FALSE
	EndGlobalSection
EndGlobal
